Microsoft Visual Studio Solution File, Format Version 11.00
# Visual Studio 2008

Project("{5C195AE9-8E63-2D24-5439-1FD5389219C8}") = "Active Build", "Assembly-CSharp.csproj", "{0D6254A5-AA1B-EFEE-072E-CC2B0E098518}"
EndProject
Global
	GlobalSection(SolutionConfigurationPlatforms) = preSolution
		Debug|Any CPU = Debug|Any CPU
		Release|Any CPU = Release|Any CPU
	EndGlobalSection
	GlobalSection(ProjectConfigurationPlatforms) = postSolution
		{0D6254A5-AA1B-EFEE-072E-CC2B0E098518}.Debug|Any CPU.ActiveCfg = Debug|Any CPU
		{0D6254A5-AA1B-EFEE-072E-CC2B0E098518}.Debug|Any CPU.Build.0 = Debug|Any CPU
		{0D6254A5-AA1B-EFEE-072E-CC2B0E098518}.Release|Any CPU.ActiveCfg = Release|Any CPU
		{0D6254A5-AA1B-EFEE-072E-CC2B0E098518}.Release|Any CPU.Build.0 = Release|Any CPU
	EndGlobalSection
	GlobalSection(SolutionProperties) = preSolution
		HideSolutionNode = FALSE
	EndGlobalSection
	GlobalSection(MonoDevelopProperties) = preSolution
		StartupItem = Assembly-CSharp.csproj
	EndGlobalSection
EndGlobal
